
Microsoft Visual Studio Solution File, Format Version 12.00
# Visual Studio Version 16
VisualStudioVersion = 16.0.30114.105
MinimumVisualStudioVersion = 10.0.40219.1
Project("{9A19103F-16F7-4668-BE54-9A1E7A4F7556}") = "TaskManagerApp.Entities", "TaskManagerApp.Entities\TaskManagerApp.Entities.csproj", "{E2C60FEB-0F2D-45F9-A3B2-D94C5A17C0A5}"
EndProject
Project("{9A19103F-16F7-4668-BE54-9A1E7A4F7556}") = "TaskManagerApp.Core", "TaskManagerApp.Core\TaskManagerApp.Core.csproj", "{8D27DEC4-9DAD-4D85-B9CF-51256E4FB1F1}"
EndProject
Project("{9A19103F-16F7-4668-BE54-9A1E7A4F7556}") = "TaskManagerApp.DataAccessLayer", "TaskManagerApp.DataAccessLayer\TaskManagerApp.DataAccessLayer.csproj", "{C5BE520E-7CBE-43EA-934C-734835845EB4}"
EndProject
Project("{9A19103F-16F7-4668-BE54-9A1E7A4F7556}") = "TaskManagerApp.BusinessLogicLayer", "TaskManager.BusinessLogicLayer\TaskManagerApp.BusinessLogicLayer.csproj", "{BCB6F13E-C4BD-4AE0-B1FF-256D9C55EC22}"
EndProject
Project("{FAE04EC0-301F-11D3-BF4B-00C04F79EFBC}") = "TaskManagerApp.BusinessLogicLayer.Tests", "TaskManagerApp.BusinessLogicLayer.Tests\TaskManagerApp.BusinessLogicLayer.Tests.csproj", "{BC39BAA2-0672-4336-B51E-5B9D65817528}"
EndProject
Global
	GlobalSection(SolutionConfigurationPlatforms) = preSolution
		Debug|Any CPU = Debug|Any CPU
		Release|Any CPU = Release|Any CPU
	EndGlobalSection
	GlobalSection(ProjectConfigurationPlatforms) = postSolution
		{E2C60FEB-0F2D-45F9-A3B2-D94C5A17C0A5}.Debug|Any CPU.ActiveCfg = Debug|Any CPU
		{E2C60FEB-0F2D-45F9-A3B2-D94C5A17C0A5}.Debug|Any CPU.Build.0 = Debug|Any CPU
		{E2C60FEB-0F2D-45F9-A3B2-D94C5A17C0A5}.Release|Any CPU.ActiveCfg = Release|Any CPU
		{E2C60FEB-0F2D-45F9-A3B2-D94C5A17C0A5}.Release|Any CPU.Build.0 = Release|Any CPU
		{8D27DEC4-9DAD-4D85-B9CF-51256E4FB1F1}.Debug|Any CPU.ActiveCfg = Debug|Any CPU
		{8D27DEC4-9DAD-4D85-B9CF-51256E4FB1F1}.Debug|Any CPU.Build.0 = Debug|Any CPU
		{8D27DEC4-9DAD-4D85-B9CF-51256E4FB1F1}.Release|Any CPU.ActiveCfg = Release|Any CPU
		{8D27DEC4-9DAD-4D85-B9CF-51256E4FB1F1}.Release|Any CPU.Build.0 = Release|Any CPU
		{C5BE520E-7CBE-43EA-934C-734835845EB4}.Debug|Any CPU.ActiveCfg = Debug|Any CPU
		{C5BE520E-7CBE-43EA-934C-734835845EB4}.Debug|Any CPU.Build.0 = Debug|Any CPU
		{C5BE520E-7CBE-43EA-934C-734835845EB4}.Release|Any CPU.ActiveCfg = Release|Any CPU
		{C5BE520E-7CBE-43EA-934C-734835845EB4}.Release|Any CPU.Build.0 = Release|Any CPU
		{BCB6F13E-C4BD-4AE0-B1FF-256D9C55EC22}.Debug|Any CPU.ActiveCfg = Debug|Any CPU
		{BCB6F13E-C4BD-4AE0-B1FF-256D9C55EC22}.Debug|Any CPU.Build.0 = Debug|Any CPU
		{BCB6F13E-C4BD-4AE0-B1FF-256D9C55EC22}.Release|Any CPU.ActiveCfg = Release|Any CPU
		{BCB6F13E-C4BD-4AE0-B1FF-256D9C55EC22}.Release|Any CPU.Build.0 = Release|Any CPU
		{BC39BAA2-0672-4336-B51E-5B9D65817528}.Debug|Any CPU.ActiveCfg = Debug|Any CPU
		{BC39BAA2-0672-4336-B51E-5B9D65817528}.Debug|Any CPU.Build.0 = Debug|Any CPU
		{BC39BAA2-0672-4336-B51E-5B9D65817528}.Release|Any CPU.ActiveCfg = Release|Any CPU
		{BC39BAA2-0672-4336-B51E-5B9D65817528}.Release|Any CPU.Build.0 = Release|Any CPU
	EndGlobalSection
	GlobalSection(SolutionProperties) = preSolution
		HideSolutionNode = FALSE
	EndGlobalSection
	GlobalSection(ExtensibilityGlobals) = postSolution
		SolutionGuid = {1D45CF66-1530-4934-85D6-1EABFB4ABA01}
	EndGlobalSection
EndGlobal
